<?xml version="1.0" encoding="UTF-8" standalone="yes" ?>
<CodeBlocks_project_file>
	<FileVersion major="1" minor="6" />
	<Project>
		<Option title="wxcha2p" />
		<Option pch_mode="2" />
		<Option compiler="gcc" />
		<Build>
			<Target title="WindowsDebug">
				<Option output="bin\Debug\wxcha2p" prefix_auto="1" extension_auto="1" />
				<Option object_output="obj\Debug\" />
				<Option type="0" />
				<Option compiler="gcc" />
				<Option projectLinkerOptionsRelation="2" />
				<Compiler>
					<Add option="-g" />
					<Add option="-D__WXDEBUG__" />
					<Add directory="$(#wx)\lib\gcc_lib\mswud" />
				</Compiler>
				<ResourceCompiler>
					<Add directory="$(#wx)\lib\gcc_lib\mswud" />
				</ResourceCompiler>
				<Linker>
					<Add library="libwxmsw28ud_core.a" />
					<Add library="libwxbase28ud.a" />
					<Add library="libwxpngd.a" />
					<Add library="libwxjpegd.a" />
					<Add library="libwxtiffd.a" />
					<Add library="libwxzlibd.a" />
					<Add library="libwxbase28ud_net.a" />
					<Add directory="$(#wx)\lib\gcc_lib" />
				</Linker>
			</Target>
			<Target title="WindowsRelease">
				<Option output="bin\Release\wxcha2p" prefix_auto="1" extension_auto="1" />
				<Option object_output="obj\Release\" />
				<Option type="0" />
				<Option compiler="gcc" />
				<Option projectLinkerOptionsRelation="2" />
				<Compiler>
					<Add option="-O2" />
					<Add directory="$(#wx)\lib\gcc_lib\mswu" />
				</Compiler>
				<ResourceCompiler>
					<Add directory="$(#wx)\lib\gcc_lib\mswu" />
				</ResourceCompiler>
				<Linker>
					<Add option="-s" />
					<Add library="libwxmsw28u_core.a" />
					<Add library="libwxbase28u.a" />
					<Add library="libwxpng.a" />
					<Add library="libwxjpeg.a" />
					<Add library="libwxtiff.a" />
					<Add library="libwxzlib.a" />
					<Add library="libwxbase28u_net.a" />
					<Add directory="$(#wx)\lib\gcc_lib" />
				</Linker>
			</Target>
			<Target title="LinuxDebug">
				<Option platforms="Unix;" />
				<Option output="..\bin\wxCha2p" prefix_auto="1" extension_auto="1" />
				<Option working_dir="..\bin" />
				<Option type="0" />
				<Option compiler="gcc" />
				<Option projectCompilerOptionsRelation="1" />
				<Option projectLinkerOptionsRelation="1" />
				<Option projectIncludeDirsRelation="1" />
				<Compiler>
					<Add option="-Weffc++" />
					<Add option="-Wfatal-errors" />
					<Add option="-Wall" />
					<Add option="-pg" />
					<Add option="-g" />
					<Add option="-D__WXDEBUG__" />
					<Add option="-D__WXLINUX__" />
					<Add option="-D__WXGTK__" />
					<Add option="-DwxUSE_UNICODE" />
					<Add directory="..\..\..\..\..\usr\include\wx-2.8\" />
					<Add directory="..\..\..\..\..\usr\lib\wx\include\gtk2-unicode-debug-2.8\" />
				</Compiler>
				<Linker>
					<Add option="-pg" />
					<Add option="-static" />
					<Add directory="..\..\..\..\..\usr\lib\" />
				</Linker>
			</Target>
			<Target title="LinuxRelease">
				<Option platforms="Unix;" />
				<Option output="..\bin\wxCha2p" prefix_auto="1" extension_auto="1" />
				<Option working_dir="..\bin" />
				<Option type="0" />
				<Option compiler="gcc" />
				<Option projectCompilerOptionsRelation="1" />
				<Option projectLinkerOptionsRelation="1" />
				<Option projectIncludeDirsRelation="1" />
				<Compiler>
					<Add option="-fexpensive-optimizations" />
					<Add option="-O3" />
					<Add option="-pedantic" />
					<Add option="-Wall" />
					<Add option="-D__WXGTK__" />
					<Add option="-DwxUSE_UNICODE" />
					<Add directory="..\..\..\..\..\usr\include\wx-2.8\" />
				</Compiler>
			</Target>
			<Target title="WindowsDebugCross">
				<Option output="..\bin\wxCha2p" prefix_auto="1" extension_auto="1" />
				<Option working_dir="..\bin" />
				<Option object_output="obj\Debug\" />
				<Option type="0" />
				<Option compiler="mingw32crosscompiler" />
				<Option projectCompilerOptionsRelation="1" />
				<Option projectLinkerOptionsRelation="1" />
				<Option projectIncludeDirsRelation="1" />
				<Compiler>
					<Add option="-Weffc++" />
					<Add option="-Wfatal-errors" />
					<Add option="-Wall" />
					<Add option="-pg" />
					<Add option="-g" />
					<Add option="`wx-config --host=i586-mingw32msvc --static --cflags`" />
					<Add option="-D__WXDEBUG__" />
					<Add option="-D__WXMSW__" />
					<Add option="-DwxUSE_UNICODE" />
				</Compiler>
				<Linker>
					<Add option="-pg" />
					<Add option="`wx-config --host=i586-mingw32msvc --static --cflags`" />
					<Add library="libwx_mswud_core-2.8-i586-mingw32msvc.dll.a" />
					<Add library="libwx_baseud-2.8-i586-mingw32msvc.dll.a" />
					<Add library="libwx_baseud_net-2.8-i586-mingw32msvc.dll.a" />
				</Linker>
			</Target>
			<Target title="WindowsReleaseCross">
				<Option output="..\bin\wxCha2p" prefix_auto="1" extension_auto="1" />
				<Option working_dir="..\bin" />
				<Option object_output="obj\Release\" />
				<Option type="0" />
				<Option compiler="mingw32crosscompiler" />
				<Option projectCompilerOptionsRelation="1" />
				<Option projectLinkerOptionsRelation="1" />
				<Option projectIncludeDirsRelation="1" />
				<Compiler>
					<Add option="-O2" />
					<Add option="-Wfatal-errors" />
					<Add option="-Wall" />
					<Add option="`wx-config --host=i586-mingw32msvc --static --cflags`" />
					<Add option="-D__WXMSW__" />
					<Add option="-DwxUSE_UNICODE" />
					<Add directory="..\..\..\..\..\usr\i586-mingw32msvc\include\wx-2.8" />
				</Compiler>
				<Linker>
					<Add option="-s" />
					<Add option="`wx-config --host=i586-mingw32-msvc --static --libs`" />
					<Add library="libwx_baseu-2.8-i586-mingw32msvc.a" />
					<Add library="libwx_mswu_core-2.8-i586-mingw32msvc.a" />
					<Add library="libwx_baseu_net-2.8-i586-mingw32msvc.a" />
				</Linker>
			</Target>
		</Build>
		<Compiler>
			<Add option="-Wall" />
			<Add option="-pipe" />
			<Add option="-mthreads" />
			<Add option='[[if (PLATFORM == PLATFORM_MSW &amp;&amp; (GetCompilerFactory().GetCompilerVersionString(_T(&quot;gcc&quot;)) &gt;= _T(&quot;4.0.0&quot;))) print(_T(&quot;-Wno-attributes&quot;));]]' />
			<Add option="-D__GNUWIN32__" />
			<Add option="-D__WXMSW__" />
			<Add option="-DwxUSE_UNICODE" />
			<Add directory="$(#wx)\include" />
			<Add directory="$(#wx)\contrib\include" />
		</Compiler>
		<ResourceCompiler>
			<Add directory="$(#wx)\include" />
		</ResourceCompiler>
		<Linker>
			<Add library="libkernel32.a" />
			<Add library="libuser32.a" />
			<Add library="libgdi32.a" />
			<Add library="libwinspool.a" />
			<Add library="libcomdlg32.a" />
			<Add library="libadvapi32.a" />
			<Add library="libshell32.a" />
			<Add library="libole32.a" />
			<Add library="liboleaut32.a" />
			<Add library="libuuid.a" />
			<Add library="libcomctl32.a" />
			<Add library="libwsock32.a" />
			<Add library="libodbc32.a" />
		</Linker>
		<Unit filename="MessageEvent.cpp" />
		<Unit filename="MessageEvent.h" />
		<Unit filename="Sender.cpp" />
		<Unit filename="Sender.h" />
		<Unit filename="enum.h" />
		<Unit filename="resource.rc">
			<Option compilerVar="WINDRES" />
			<Option target="WindowsDebug" />
			<Option target="WindowsRelease" />
			<Option target="LinuxRelease" />
			<Option target="WindowsDebugCross" />
			<Option target="WindowsReleaseCross" />
		</Unit>
		<Unit filename="socketClient.cpp">
			<Option target="WindowsDebug" />
			<Option target="WindowsRelease" />
			<Option target="LinuxRelease" />
			<Option target="WindowsDebugCross" />
			<Option target="WindowsReleaseCross" />
		</Unit>
		<Unit filename="socketClient.h">
			<Option target="WindowsDebug" />
			<Option target="WindowsRelease" />
			<Option target="LinuxRelease" />
			<Option target="WindowsDebugCross" />
			<Option target="WindowsReleaseCross" />
		</Unit>
		<Unit filename="socketServer.cpp">
			<Option target="WindowsDebug" />
			<Option target="WindowsRelease" />
			<Option target="LinuxRelease" />
			<Option target="WindowsDebugCross" />
			<Option target="WindowsReleaseCross" />
		</Unit>
		<Unit filename="socketServer.h">
			<Option target="WindowsDebug" />
			<Option target="WindowsRelease" />
			<Option target="LinuxRelease" />
			<Option target="WindowsDebugCross" />
			<Option target="WindowsReleaseCross" />
		</Unit>
		<Unit filename="wxcha2pApp.cpp">
			<Option target="WindowsDebug" />
			<Option target="WindowsRelease" />
			<Option target="LinuxRelease" />
			<Option target="WindowsDebugCross" />
			<Option target="WindowsReleaseCross" />
		</Unit>
		<Unit filename="wxcha2pApp.h">
			<Option target="WindowsDebug" />
			<Option target="WindowsRelease" />
			<Option target="LinuxRelease" />
			<Option target="WindowsDebugCross" />
			<Option target="WindowsReleaseCross" />
		</Unit>
		<Unit filename="wxcha2pMain.cpp">
			<Option target="WindowsDebug" />
			<Option target="WindowsRelease" />
			<Option target="LinuxRelease" />
			<Option target="WindowsDebugCross" />
			<Option target="WindowsReleaseCross" />
		</Unit>
		<Unit filename="wxcha2pMain.h">
			<Option target="WindowsDebug" />
			<Option target="WindowsRelease" />
			<Option target="LinuxRelease" />
			<Option target="WindowsDebugCross" />
			<Option target="WindowsReleaseCross" />
		</Unit>
		<Unit filename="wxsmith\wxcha2pframe.wxs">
			<Option target="WindowsDebug" />
			<Option target="WindowsRelease" />
			<Option target="LinuxRelease" />
			<Option target="WindowsDebugCross" />
			<Option target="WindowsReleaseCross" />
		</Unit>
		<Extensions>
			<code_completion />
			<debugger />
			<wxsmith version="1">
				<gui name="wxWidgets" src="wxcha2pApp.cpp" main="wxcha2pFrame" init_handlers="necessary" language="CPP" />
				<resources>
					<wxFrame wxs="wxsmith/wxcha2pframe.wxs" src="wxcha2pMain.cpp" hdr="wxcha2pMain.h" name="wxcha2pFrame" language="CPP" />
				</resources>
			</wxsmith>
			<envvars />
		</Extensions>
	</Project>
</CodeBlocks_project_file>
